
Microsoft Visual Studio Solution File, Format Version 12.00
# Visual Studio Version 16
VisualStudioVersion = 16.0.29215.179
MinimumVisualStudioVersion = 10.0.40219.1
Project("{FAE04EC0-301F-11D3-BF4B-00C04F79EFBC}") = "UpdateYouTubeTUT", "UpdateYouTubeTUT\UpdateYouTubeTUT.csproj", "{E3962634-F738-4C9C-B3E9-6E03DF072A56}"
EndProject
Global
	GlobalSection(SolutionConfigurationPlatforms) = preSolution
		Debug|Any CPU = Debug|Any CPU
		Release|Any CPU = Release|Any CPU
	EndGlobalSection
	GlobalSection(ProjectConfigurationPlatforms) = postSolution
		{E3962634-F738-4C9C-B3E9-6E03DF072A56}.Debug|Any CPU.ActiveCfg = Debug|Any CPU
		{E3962634-F738-4C9C-B3E9-6E03DF072A56}.Debug|Any CPU.Build.0 = Debug|Any CPU
		{E3962634-F738-4C9C-B3E9-6E03DF072A56}.Release|Any CPU.ActiveCfg = Release|Any CPU
		{E3962634-F738-4C9C-B3E9-6E03DF072A56}.Release|Any CPU.Build.0 = Release|Any CPU
	EndGlobalSection
	GlobalSection(SolutionProperties) = preSolution
		HideSolutionNode = FALSE
	EndGlobalSection
	GlobalSection(ExtensibilityGlobals) = postSolution
		SolutionGuid = {6AB9726F-0282-4557-A03A-C03C86BBBEC0}
	EndGlobalSection
EndGlobal
